
Microsoft Visual Studio Solution File, Format Version 12.00
# Visual Studio Version 16
VisualStudioVersion = 16.0.30711.63
MinimumVisualStudioVersion = 10.0.40219.1
Project("{FAE04EC0-301F-11D3-BF4B-00C04F79EFBC}") = "vjezbaLinqQuerySintaksa", "vjezbaLinqQuerySintaksa\vjezbaLinqQuerySintaksa.csproj", "{1E35BFD1-470A-4DE6-8FA2-F4CBB8C4B042}"
EndProject
Global
	GlobalSection(SolutionConfigurationPlatforms) = preSolution
		Debug|Any CPU = Debug|Any CPU
		Release|Any CPU = Release|Any CPU
	EndGlobalSection
	GlobalSection(ProjectConfigurationPlatforms) = postSolution
		{1E35BFD1-470A-4DE6-8FA2-F4CBB8C4B042}.Debug|Any CPU.ActiveCfg = Debug|Any CPU
		{1E35BFD1-470A-4DE6-8FA2-F4CBB8C4B042}.Debug|Any CPU.Build.0 = Debug|Any CPU
		{1E35BFD1-470A-4DE6-8FA2-F4CBB8C4B042}.Release|Any CPU.ActiveCfg = Release|Any CPU
		{1E35BFD1-470A-4DE6-8FA2-F4CBB8C4B042}.Release|Any CPU.Build.0 = Release|Any CPU
	EndGlobalSection
	GlobalSection(SolutionProperties) = preSolution
		HideSolutionNode = FALSE
	EndGlobalSection
	GlobalSection(ExtensibilityGlobals) = postSolution
		SolutionGuid = {F2ADFB80-E3B2-469C-BD36-ED519D04FC7C}
	EndGlobalSection
EndGlobal
